
Microsoft Visual Studio Solution File, Format Version 12.00
# Visual Studio Version 17
VisualStudioVersion = 17.3.32929.385
MinimumVisualStudioVersion = 10.0.40219.1
Project("{8BC9CEB8-8B4A-11D0-8D11-00A0C91BC942}") = "finalProject2320cPlusPlus", "finalProject2320cPlusPlus\finalProject2320cPlusPlus.vcxproj", "{30A5580F-77D2-43B0-BC74-AF0DE58E5AF4}"
EndProject
Global
	GlobalSection(SolutionConfigurationPlatforms) = preSolution
		Debug|x64 = Debug|x64
		Debug|x86 = Debug|x86
		Release|x64 = Release|x64
		Release|x86 = Release|x86
	EndGlobalSection
	GlobalSection(ProjectConfigurationPlatforms) = postSolution
		{30A5580F-77D2-43B0-BC74-AF0DE58E5AF4}.Debug|x64.ActiveCfg = Debug|x64
		{30A5580F-77D2-43B0-BC74-AF0DE58E5AF4}.Debug|x64.Build.0 = Debug|x64
		{30A5580F-77D2-43B0-BC74-AF0DE58E5AF4}.Debug|x86.ActiveCfg = Debug|Win32
		{30A5580F-77D2-43B0-BC74-AF0DE58E5AF4}.Debug|x86.Build.0 = Debug|Win32
		{30A5580F-77D2-43B0-BC74-AF0DE58E5AF4}.Release|x64.ActiveCfg = Release|x64
		{30A5580F-77D2-43B0-BC74-AF0DE58E5AF4}.Release|x64.Build.0 = Release|x64
		{30A5580F-77D2-43B0-BC74-AF0DE58E5AF4}.Release|x86.ActiveCfg = Release|Win32
		{30A5580F-77D2-43B0-BC74-AF0DE58E5AF4}.Release|x86.Build.0 = Release|Win32
	EndGlobalSection
	GlobalSection(SolutionProperties) = preSolution
		HideSolutionNode = FALSE
	EndGlobalSection
	GlobalSection(ExtensibilityGlobals) = postSolution
		SolutionGuid = {6D873D85-2D8B-44D1-A921-7BC5122B630B}
	EndGlobalSection
EndGlobal
